{
  "name": "mini-vue3",
  "version": "1.0.0",
  "lockfileVersion": 1,
  "requires": true,
  "dependencies": {
    "@vue/reactivity": {
      "version": "3.0.9",
      "resolved": "https://registry.npmjs.org/@vue/reactivity/-/reactivity-3.0.9.tgz",
      "integrity": "sha512-W1AbGhzphVjY+TL32lQDwLDNvLzZKOcUgaIaLOoALWMtjzN4ExOUJzrR1FC3ynlpMHIEfcUo8GPgfnNmvMGdgQ==",
      "requires": {
        "@vue/shared": "3.0.9"
      }
    },
    "@vue/shared": {
      "version": "3.0.9",
      "resolved": "https://registry.npmjs.org/@vue/shared/-/shared-3.0.9.tgz",
      "integrity": "sha512-lv20q1O5dybwro+V+vnxHCmSIxi9mvTORSgAbGrANGYK8zF4K1S9TOankIvdkcvfZ88IR95O2pTI2Pb3c3BaNg=="
    }
  }
}
